PODS:
  - SOCKit (1.1)
  - Typhoon (2.1.4):
    - Typhoon/Configuration
    - Typhoon/Definition
    - Typhoon/Factory
    - Typhoon/Factory
    - Typhoon/ios
    - Typhoon/no-arc
    - Typhoon/Test
    - Typhoon/TypeConversion
    - Typhoon/Utils
  - Typhoon/Configuration (2.1.4):
    - Typhoon/Configuration/ConfigPostProcessor
    - Typhoon/Configuration/DefinitionOptionConfiguration
    - Typhoon/Configuration/Resource
    - Typhoon/Configuration/Startup
    - Typhoon/Factory
  - Typhoon/Configuration/ConfigPostProcessor (2.1.4):
    - Typhoon/Factory
  - Typhoon/Configuration/DefinitionOptionConfiguration (2.1.4):
    - Typhoon/Configuration/DefinitionOptionConfiguration/Factory
    - Typhoon/Factory
  - Typhoon/Configuration/DefinitionOptionConfiguration/Factory (2.1.4):
    - Typhoon/Factory
  - Typhoon/Configuration/Resource (2.1.4):
    - Typhoon/Factory
  - Typhoon/Configuration/Startup (2.1.4):
    - Typhoon/Factory
  - Typhoon/Definition (2.1.4):
    - Typhoon/Definition/Injections
    - Typhoon/Definition/Internal
    - Typhoon/Definition/Method
    - Typhoon/Factory
  - Typhoon/Definition/Injections (2.1.4):
    - Typhoon/Factory
  - Typhoon/Definition/Internal (2.1.4):
    - Typhoon/Factory
  - Typhoon/Definition/Method (2.1.4):
    - Typhoon/Definition/Method/Internal
    - Typhoon/Factory
  - Typhoon/Definition/Method/Internal (2.1.4):
    - Typhoon/Factory
  - Typhoon/Factory (2.1.4):
    - Typhoon/Configuration
    - Typhoon/Definition
    - Typhoon/Factory
    - Typhoon/Factory/Block
    - Typhoon/Factory/Hooks
    - Typhoon/Factory/Internal
    - Typhoon/Factory/Pool
    - Typhoon/no-arc
    - Typhoon/TypeConversion
    - Typhoon/Utils
  - Typhoon/Factory/Block (2.1.4):
    - Typhoon/Configuration
    - Typhoon/Definition
    - Typhoon/Factory
    - Typhoon/no-arc
    - Typhoon/TypeConversion
    - Typhoon/Utils
  - Typhoon/Factory/Hooks (2.1.4):
    - Typhoon/Configuration
    - Typhoon/Definition
    - Typhoon/Factory
    - Typhoon/no-arc
    - Typhoon/TypeConversion
    - Typhoon/Utils
  - Typhoon/Factory/Internal (2.1.4):
    - Typhoon/Configuration
    - Typhoon/Definition
    - Typhoon/Factory
    - Typhoon/no-arc
    - Typhoon/TypeConversion
    - Typhoon/Utils
  - Typhoon/Factory/Pool (2.1.4):
    - Typhoon/Configuration
    - Typhoon/Definition
    - Typhoon/Factory
    - Typhoon/no-arc
    - Typhoon/TypeConversion
    - Typhoon/Utils
  - Typhoon/ios (2.1.4):
    - Typhoon/Factory
    - Typhoon/ios/Configuration
    - Typhoon/ios/Storyboard
    - Typhoon/ios/TypeConversion
  - Typhoon/ios/Configuration (2.1.4):
    - Typhoon/Factory
  - Typhoon/ios/Storyboard (2.1.4):
    - Typhoon/Factory
  - Typhoon/ios/TypeConversion (2.1.4):
    - Typhoon/Factory
  - Typhoon/no-arc (2.1.4):
    - Typhoon/Factory
  - Typhoon/Test (2.1.4):
    - Typhoon/Factory
  - Typhoon/TypeConversion (2.1.4):
    - Typhoon/Factory
    - Typhoon/TypeConversion/Converters
  - Typhoon/TypeConversion/Converters (2.1.4):
    - Typhoon/Factory
  - Typhoon/Utils (2.1.4):
    - Typhoon/Factory

DEPENDENCIES:
  - SOCKit (= 1.1)
  - Typhoon (~> 2.1.4)

SPEC CHECKSUMS:
  SOCKit: d8d0dd3688ae1026c12367570da8fa8e1a6980fb
  Typhoon: eb6ad63e85fca133b57e6ab171a00120d45f2500

COCOAPODS: 0.33.1
