// !$*UTF8*$!
{
	archiveVersion = 1;
	classes = {
	};
	objectVersion = 46;
	objects = {

/* Begin PBXBuildFile section */
		1843B099197AB3D5006E54BD /* Foundation.framework in Frameworks */ = {isa = PBXBuildFile; fileRef = 1843B098197AB3D5006E54BD /* Foundation.framework */; };
		1843B09B197AB3D5006E54BD /* CoreGraphics.framework in Frameworks */ = {isa = PBXBuildFile; fileRef = 1843B09A197AB3D5006E54BD /* CoreGraphics.framework */; };
		1843B09D197AB3D5006E54BD /* UIKit.framework in Frameworks */ = {isa = PBXBuildFile; fileRef = 1843B09C197AB3D5006E54BD /* UIKit.framework */; };
		1843B0A3197AB3D5006E54BD /* InfoPlist.strings in Resources */ = {isa = PBXBuildFile; fileRef = 1843B0A1197AB3D5006E54BD /* InfoPlist.strings */; };
		1843B0A5197AB3D5006E54BD /* main.m in Sources */ = {isa = PBXBuildFile; fileRef = 1843B0A4197AB3D5006E54BD /* main.m */; };
		1843B0A9197AB3D6006E54BD /* NDAppDelegate.m in Sources */ = {isa = PBXBuildFile; fileRef = 1843B0A8197AB3D6006E54BD /* NDAppDelegate.m */; };
		1843B0AB197AB3D6006E54BD /* Images.xcassets in Resources */ = {isa = PBXBuildFile; fileRef = 1843B0AA197AB3D6006E54BD /* Images.xcassets */; };
		1843B0B2197AB3D6006E54BD /* XCTest.framework in Frameworks */ = {isa = PBXBuildFile; fileRef = 1843B0B1197AB3D6006E54BD /* XCTest.framework */; };
		1843B0B3197AB3D6006E54BD /* Foundation.framework in Frameworks */ = {isa = PBXBuildFile; fileRef = 1843B098197AB3D5006E54BD /* Foundation.framework */; };
		1843B0B4197AB3D6006E54BD /* UIKit.framework in Frameworks */ = {isa = PBXBuildFile; fileRef = 1843B09C197AB3D5006E54BD /* UIKit.framework */; };
		1843B0BC197AB3D6006E54BD /* InfoPlist.strings in Resources */ = {isa = PBXBuildFile; fileRef = 1843B0BA197AB3D6006E54BD /* InfoPlist.strings */; };
		1843B0BE197AB3D6006E54BD /* NDNavigatorExampleTests.m in Sources */ = {isa = PBXBuildFile; fileRef = 1843B0BD197AB3D6006E54BD /* NDNavigatorExampleTests.m */; };
/* End PBXBuildFile section */

/* Begin PBXContainerItemProxy section */
		1843B0B5197AB3D6006E54BD /* PBXContainerItemProxy */ = {
			isa = PBXContainerItemProxy;
			containerPortal = 1843B08D197AB3D5006E54BD /* Project object */;
			proxyType = 1;
			remoteGlobalIDString = 1843B094197AB3D5006E54BD;
			remoteInfo = NDNavigatorExample;
		};
/* End PBXContainerItemProxy section */

/* Begin PBXFileReference section */
		1843B095197AB3D5006E54BD /* NDNavigatorExample.app */ = {isa = PBXFileReference; explicitFileType = wrapper.application; includeInIndex = 0; path = NDNavigatorExample.app; sourceTree = BUILT_PRODUCTS_DIR; };
		1843B098197AB3D5006E54BD /* Foundation.framework */ = {isa = PBXFileReference; lastKnownFileType = wrapper.framework; name = Foundation.framework; path = System/Library/Frameworks/Foundation.framework; sourceTree = SDKROOT; };
		1843B09A197AB3D5006E54BD /* CoreGraphics.framework */ = {isa = PBXFileReference; lastKnownFileType = wrapper.framework; name = CoreGraphics.framework; path = System/Library/Frameworks/CoreGraphics.framework; sourceTree = SDKROOT; };
		1843B09C197AB3D5006E54BD /* UIKit.framework */ = {isa = PBXFileReference; lastKnownFileType = wrapper.framework; name = UIKit.framework; path = System/Library/Frameworks/UIKit.framework; sourceTree = SDKROOT; };
		1843B0A0197AB3D5006E54BD /* NDNavigatorExample-Info.plist */ = {isa = PBXFileReference; lastKnownFileType = text.plist.xml; path = "NDNavigatorExample-Info.plist"; sourceTree = "<group>"; };
		1843B0A2197AB3D5006E54BD /* en */ = {isa = PBXFileReference; lastKnownFileType = text.plist.strings; name = en; path = en.lproj/InfoPlist.strings; sourceTree = "<group>"; };
		1843B0A4197AB3D5006E54BD /* main.m */ = {isa = PBXFileReference; lastKnownFileType = sourcecode.c.objc; path = main.m; sourceTree = "<group>"; };
		1843B0A6197AB3D5006E54BD /* NDNavigatorExample-Prefix.pch */ = {isa = PBXFileReference; lastKnownFileType = sourcecode.c.h; path = "NDNavigatorExample-Prefix.pch"; sourceTree = "<group>"; };
		1843B0A7197AB3D6006E54BD /* NDAppDelegate.h */ = {isa = PBXFileReference; lastKnownFileType = sourcecode.c.h; path = NDAppDelegate.h; sourceTree = "<group>"; };
		1843B0A8197AB3D6006E54BD /* NDAppDelegate.m */ = {isa = PBXFileReference; lastKnownFileType = sourcecode.c.objc; path = NDAppDelegate.m; sourceTree = "<group>"; };
		1843B0AA197AB3D6006E54BD /* Images.xcassets */ = {isa = PBXFileReference; lastKnownFileType = folder.assetcatalog; path = Images.xcassets; sourceTree = "<group>"; };
		1843B0B0197AB3D6006E54BD /* NDNavigatorExampleTests.xctest */ = {isa = PBXFileReference; explicitFileType = wrapper.cfbundle; includeInIndex = 0; path = NDNavigatorExampleTests.xctest; sourceTree = BUILT_PRODUCTS_DIR; };
		1843B0B1197AB3D6006E54BD /* XCTest.framework */ = {isa = PBXFileReference; lastKnownFileType = wrapper.framework; name = XCTest.framework; path = Library/Frameworks/XCTest.framework; sourceTree = DEVELOPER_DIR; };
		1843B0B9197AB3D6006E54BD /* NDNavigatorExampleTests-Info.plist */ = {isa = PBXFileReference; lastKnownFileType = text.plist.xml; path = "NDNavigatorExampleTests-Info.plist"; sourceTree = "<group>"; };
		1843B0BB197AB3D6006E54BD /* en */ = {isa = PBXFileReference; lastKnownFileType = text.plist.strings; name = en; path = en.lproj/InfoPlist.strings; sourceTree = "<group>"; };
		1843B0BD197AB3D6006E54BD /* NDNavigatorExampleTests.m */ = {isa = PBXFileReference; lastKnownFileType = sourcecode.c.objc; path = NDNavigatorExampleTests.m; sourceTree = "<group>"; };
/* End PBXFileReference section */

/* Begin PBXFrameworksBuildPhase section */
		1843B092197AB3D5006E54BD /* Frameworks */ = {
			isa = PBXFrameworksBuildPhase;
			buildActionMask = 2147483647;
			files = (
				1843B09B197AB3D5006E54BD /* CoreGraphics.framework in Frameworks */,
				1843B09D197AB3D5006E54BD /* UIKit.framework in Frameworks */,
				1843B099197AB3D5006E54BD /* Foundation.framework in Frameworks */,
			);
			runOnlyForDeploymentPostprocessing = 0;
		};
		1843B0AD197AB3D6006E54BD /* Frameworks */ = {
			isa = PBXFrameworksBuildPhase;
			buildActionMask = 2147483647;
			files = (
				1843B0B2197AB3D6006E54BD /* XCTest.framework in Frameworks */,
				1843B0B4197AB3D6006E54BD /* UIKit.framework in Frameworks */,
				1843B0B3197AB3D6006E54BD /* Foundation.framework in Frameworks */,
			);
			runOnlyForDeploymentPostprocessing = 0;
		};
/* End PBXFrameworksBuildPhase section */

/* Begin PBXGroup section */
		1843B08C197AB3D5006E54BD = {
			isa = PBXGroup;
			children = (
				1843B09E197AB3D5006E54BD /* NDNavigatorExample */,
				1843B0B7197AB3D6006E54BD /* NDNavigatorExampleTests */,
				1843B097197AB3D5006E54BD /* Frameworks */,
				1843B096197AB3D5006E54BD /* Products */,
			);
			sourceTree = "<group>";
		};
		1843B096197AB3D5006E54BD /* Products */ = {
			isa = PBXGroup;
			children = (
				1843B095197AB3D5006E54BD /* NDNavigatorExample.app */,
				1843B0B0197AB3D6006E54BD /* NDNavigatorExampleTests.xctest */,
			);
			name = Products;
			sourceTree = "<group>";
		};
		1843B097197AB3D5006E54BD /* Frameworks */ = {
			isa = PBXGroup;
			children = (
				1843B098197AB3D5006E54BD /* Foundation.framework */,
				1843B09A197AB3D5006E54BD /* CoreGraphics.framework */,
				1843B09C197AB3D5006E54BD /* UIKit.framework */,
				1843B0B1197AB3D6006E54BD /* XCTest.framework */,
			);
			name = Frameworks;
			sourceTree = "<group>";
		};
		1843B09E197AB3D5006E54BD /* NDNavigatorExample */ = {
			isa = PBXGroup;
			children = (
				1843B0A7197AB3D6006E54BD /* NDAppDelegate.h */,
				1843B0A8197AB3D6006E54BD /* NDAppDelegate.m */,
				1843B0AA197AB3D6006E54BD /* Images.xcassets */,
				1843B09F197AB3D5006E54BD /* Supporting Files */,
			);
			path = NDNavigatorExample;
			sourceTree = "<group>";
		};
		1843B09F197AB3D5006E54BD /* Supporting Files */ = {
			isa = PBXGroup;
			children = (
				1843B0A0197AB3D5006E54BD /* NDNavigatorExample-Info.plist */,
				1843B0A1197AB3D5006E54BD /* InfoPlist.strings */,
				1843B0A4197AB3D5006E54BD /* main.m */,
				1843B0A6197AB3D5006E54BD /* NDNavigatorExample-Prefix.pch */,
			);
			name = "Supporting Files";
			sourceTree = "<group>";
		};
		1843B0B7197AB3D6006E54BD /* NDNavigatorExampleTests */ = {
			isa = PBXGroup;
			children = (
				1843B0BD197AB3D6006E54BD /* NDNavigatorExampleTests.m */,
				1843B0B8197AB3D6006E54BD /* Supporting Files */,
			);
			path = NDNavigatorExampleTests;
			sourceTree = "<group>";
		};
		1843B0B8197AB3D6006E54BD /* Supporting Files */ = {
			isa = PBXGroup;
			children = (
				1843B0B9197AB3D6006E54BD /* NDNavigatorExampleTests-Info.plist */,
				1843B0BA197AB3D6006E54BD /* InfoPlist.strings */,
			);
			name = "Supporting Files";
			sourceTree = "<group>";
		};
/* End PBXGroup section */

/* Begin PBXNativeTarget section */
		1843B094197AB3D5006E54BD /* NDNavigatorExample */ = {
			isa = PBXNativeTarget;
			buildConfigurationList = 1843B0C1197AB3D6006E54BD /* Build configuration list for PBXNativeTarget "NDNavigatorExample" */;
			buildPhases = (
				1843B091197AB3D5006E54BD /* Sources */,
				1843B092197AB3D5006E54BD /* Frameworks */,
				1843B093197AB3D5006E54BD /* Resources */,
			);
			buildRules = (
			);
			dependencies = (
			);
			name = NDNavigatorExample;
			productName = NDNavigatorExample;
			productReference = 1843B095197AB3D5006E54BD /* NDNavigatorExample.app */;
			productType = "com.apple.product-type.application";
		};
		1843B0AF197AB3D6006E54BD /* NDNavigatorExampleTests */ = {
			isa = PBXNativeTarget;
			buildConfigurationList = 1843B0C4197AB3D6006E54BD /* Build configuration list for PBXNativeTarget "NDNavigatorExampleTests" */;
			buildPhases = (
				1843B0AC197AB3D6006E54BD /* Sources */,
				1843B0AD197AB3D6006E54BD /* Frameworks */,
				1843B0AE197AB3D6006E54BD /* Resources */,
			);
			buildRules = (
			);
			dependencies = (
				1843B0B6197AB3D6006E54BD /* PBXTargetDependency */,
			);
			name = NDNavigatorExampleTests;
			productName = NDNavigatorExampleTests;
			productReference = 1843B0B0197AB3D6006E54BD /* NDNavigatorExampleTests.xctest */;
			productType = "com.apple.product-type.bundle.unit-test";
		};
/* End PBXNativeTarget section */

/* Begin PBXProject section */
		1843B08D197AB3D5006E54BD /* Project object */ = {
			isa = PBXProject;
			attributes = {
				CLASSPREFIX = ND;
				LastUpgradeCheck = 0510;
				ORGANIZATIONNAME = "Neil Davis";
				TargetAttributes = {
					1843B0AF197AB3D6006E54BD = {
						TestTargetID = 1843B094197AB3D5006E54BD;
					};
				};
			};
			buildConfigurationList = 1843B090197AB3D5006E54BD /* Build configuration list for PBXProject "NDNavigatorExample" */;
			compatibilityVersion = "Xcode 3.2";
			developmentRegion = English;
			hasScannedForEncodings = 0;
			knownRegions = (
				en,
			);
			mainGroup = 1843B08C197AB3D5006E54BD;
			productRefGroup = 1843B096197AB3D5006E54BD /* Products */;
			projectDirPath = "";
			projectRoot = "";
			targets = (
				1843B094197AB3D5006E54BD /* NDNavigatorExample */,
				1843B0AF197AB3D6006E54BD /* NDNavigatorExampleTests */,
			);
		};
/* End PBXProject section */

/* Begin PBXResourcesBuildPhase section */
		1843B093197AB3D5006E54BD /* Resources */ = {
			isa = PBXResourcesBuildPhase;
			buildActionMask = 2147483647;
			files = (
				1843B0A3197AB3D5006E54BD /* InfoPlist.strings in Resources */,
				1843B0AB197AB3D6006E54BD /* Images.xcassets in Resources */,
			);
			runOnlyForDeploymentPostprocessing = 0;
		};
		1843B0AE197AB3D6006E54BD /* Resources */ = {
			isa = PBXResourcesBuildPhase;
			buildActionMask = 2147483647;
			files = (
				1843B0BC197AB3D6006E54BD /* InfoPlist.strings in Resources */,
			);
			runOnlyForDeploymentPostprocessing = 0;
		};
/* End PBXResourcesBuildPhase section */

/* Begin PBXSourcesBuildPhase section */
		1843B091197AB3D5006E54BD /* Sources */ = {
			isa = PBXSourcesBuildPhase;
			buildActionMask = 2147483647;
			files = (
				1843B0A9197AB3D6006E54BD /* NDAppDelegate.m in Sources */,
				1843B0A5197AB3D5006E54BD /* main.m in Sources */,
			);
			runOnlyForDeploymentPostprocessing = 0;
		};
		1843B0AC197AB3D6006E54BD /* Sources */ = {
			isa = PBXSourcesBuildPhase;
			buildActionMask = 2147483647;
			files = (
				1843B0BE197AB3D6006E54BD /* NDNavigatorExampleTests.m in Sources */,
			);
			runOnlyForDeploymentPostprocessing = 0;
		};
/* End PBXSourcesBuildPhase section */

/* Begin PBXTargetDependency section */
		1843B0B6197AB3D6006E54BD /* PBXTargetDependency */ = {
			isa = PBXTargetDependency;
			target = 1843B094197AB3D5006E54BD /* NDNavigatorExample */;
			targetProxy = 1843B0B5197AB3D6006E54BD /* PBXContainerItemProxy */;
		};
/* End PBXTargetDependency section */

/* Begin PBXVariantGroup section */
		1843B0A1197AB3D5006E54BD /* InfoPlist.strings */ = {
			isa = PBXVariantGroup;
			children = (
				1843B0A2197AB3D5006E54BD /* en */,
			);
			name = InfoPlist.strings;
			sourceTree = "<group>";
		};
		1843B0BA197AB3D6006E54BD /* InfoPlist.strings */ = {
			isa = PBXVariantGroup;
			children = (
				1843B0BB197AB3D6006E54BD /* en */,
			);
			name = InfoPlist.strings;
			sourceTree = "<group>";
		};
/* End PBXVariantGroup section */

/* Begin XCBuildConfiguration section */
		1843B0BF197AB3D6006E54BD /* Debug */ = {
			isa = XCBuildConfiguration;
			buildSettings = {
				ALWAYS_SEARCH_USER_PATHS = NO;
				CLANG_CXX_LANGUAGE_STANDARD = "gnu++0x";
				CLANG_CXX_LIBRARY = "libc++";
				CLANG_ENABLE_MODULES = YES;
				CLANG_ENABLE_OBJC_ARC = YES;
				CLANG_WARN_BOOL_CONVERSION = YES;
				CLANG_WARN_CONSTANT_CONVERSION = YES;
				CLANG_WARN_DIRECT_OBJC_ISA_USAGE = YES_ERROR;
				CLANG_WARN_EMPTY_BODY = YES;
				CLANG_WARN_ENUM_CONVERSION = YES;
				CLANG_WARN_INT_CONVERSION = YES;
				CLANG_WARN_OBJC_ROOT_CLASS = YES_ERROR;
				CLANG_WARN__DUPLICATE_METHOD_MATCH = YES;
				"CODE_SIGN_IDENTITY[sdk=iphoneos*]" = "iPhone Developer";
				COPY_PHASE_STRIP = NO;
				GCC_C_LANGUAGE_STANDARD = gnu99;
				GCC_DYNAMIC_NO_PIC = NO;
				GCC_OPTIMIZATION_LEVEL = 0;
				GCC_PREPROCESSOR_DEFINITIONS = (
					"DEBUG=1",
					"$(inherited)",
				);
				GCC_SYMBOLS_PRIVATE_EXTERN = NO;
				GCC_WARN_64_TO_32_BIT_CONVERSION = YES;
				GCC_WARN_ABOUT_RETURN_TYPE = YES_ERROR;
				GCC_WARN_UNDECLARED_SELECTOR = YES;
				GCC_WARN_UNINITIALIZED_AUTOS = YES_AGGRESSIVE;
				GCC_WARN_UNUSED_FUNCTION = YES;
				GCC_WARN_UNUSED_VARIABLE = YES;
				IPHONEOS_DEPLOYMENT_TARGET = 7.1;
				ONLY_ACTIVE_ARCH = YES;
				SDKROOT = iphoneos;
			};
			name = Debug;
		};
		1843B0C0197AB3D6006E54BD /* Release */ = {
			isa = XCBuildConfiguration;
			buildSettings = {
				ALWAYS_SEARCH_USER_PATHS = NO;
				CLANG_CXX_LANGUAGE_STANDARD = "gnu++0x";
				CLANG_CXX_LIBRARY = "libc++";
				CLANG_ENABLE_MODULES = YES;
				CLANG_ENABLE_OBJC_ARC = YES;
				CLANG_WARN_BOOL_CONVERSION = YES;
				CLANG_WARN_CONSTANT_CONVERSION = YES;
				CLANG_WARN_DIRECT_OBJC_ISA_USAGE = YES_ERROR;
				CLANG_WARN_EMPTY_BODY = YES;
				CLANG_WARN_ENUM_CONVERSION = YES;
				CLANG_WARN_INT_CONVERSION = YES;
				CLANG_WARN_OBJC_ROOT_CLASS = YES_ERROR;
				CLANG_WARN__DUPLICATE_METHOD_MATCH = YES;
				"CODE_SIGN_IDENTITY[sdk=iphoneos*]" = "iPhone Developer";
				COPY_PHASE_STRIP = YES;
				ENABLE_NS_ASSERTIONS = NO;
				GCC_C_LANGUAGE_STANDARD = gnu99;
				GCC_WARN_64_TO_32_BIT_CONVERSION = YES;
				GCC_WARN_ABOUT_RETURN_TYPE = YES_ERROR;
				GCC_WARN_UNDECLARED_SELECTOR = YES;
				GCC_WARN_UNINITIALIZED_AUTOS = YES_AGGRESSIVE;
				GCC_WARN_UNUSED_FUNCTION = YES;
				GCC_WARN_UNUSED_VARIABLE = YES;
				IPHONEOS_DEPLOYMENT_TARGET = 7.1;
				SDKROOT = iphoneos;
				VALIDATE_PRODUCT = YES;
			};
			name = Release;
		};
		1843B0C2197AB3D6006E54BD /* Debug */ = {
			isa = XCBuildConfiguration;
			buildSettings = {
				ASSETCATALOG_COMPILER_APPICON_NAME = AppIcon;
				ASSETCATALOG_COMPILER_LAUNCHIMAGE_NAME = LaunchImage;
				GCC_PRECOMPILE_PREFIX_HEADER = YES;
				GCC_PREFIX_HEADER = "NDNavigatorExample/NDNavigatorExample-Prefix.pch";
				INFOPLIST_FILE = "NDNavigatorExample/NDNavigatorExample-Info.plist";
				PRODUCT_NAME = "$(TARGET_NAME)";
				WRAPPER_EXTENSION = app;
			};
			name = Debug;
		};
		1843B0C3197AB3D6006E54BD /* Release */ = {
			isa = XCBuildConfiguration;
			buildSettings = {
				ASSETCATALOG_COMPILER_APPICON_NAME = AppIcon;
				ASSETCATALOG_COMPILER_LAUNCHIMAGE_NAME = LaunchImage;
				GCC_PRECOMPILE_PREFIX_HEADER = YES;
				GCC_PREFIX_HEADER = "NDNavigatorExample/NDNavigatorExample-Prefix.pch";
				INFOPLIST_FILE = "NDNavigatorExample/NDNavigatorExample-Info.plist";
				PRODUCT_NAME = "$(TARGET_NAME)";
				WRAPPER_EXTENSION = app;
			};
			name = Release;
		};
		1843B0C5197AB3D6006E54BD /* Debug */ = {
			isa = XCBuildConfiguration;
			buildSettings = {
				BUNDLE_LOADER = "$(BUILT_PRODUCTS_DIR)/NDNavigatorExample.app/NDNavigatorExample";
				FRAMEWORK_SEARCH_PATHS = (
					"$(SDKROOT)/Developer/Library/Frameworks",
					"$(inherited)",
					"$(DEVELOPER_FRAMEWORKS_DIR)",
				);
				GCC_PRECOMPILE_PREFIX_HEADER = YES;
				GCC_PREFIX_HEADER = "NDNavigatorExample/NDNavigatorExample-Prefix.pch";
				GCC_PREPROCESSOR_DEFINITIONS = (
					"DEBUG=1",
					"$(inherited)",
				);
				INFOPLIST_FILE = "NDNavigatorExampleTests/NDNavigatorExampleTests-Info.plist";
				PRODUCT_NAME = "$(TARGET_NAME)";
				TEST_HOST = "$(BUNDLE_LOADER)";
				WRAPPER_EXTENSION = xctest;
			};
			name = Debug;
		};
		1843B0C6197AB3D6006E54BD /* Release */ = {
			isa = XCBuildConfiguration;
			buildSettings = {
				BUNDLE_LOADER = "$(BUILT_PRODUCTS_DIR)/NDNavigatorExample.app/NDNavigatorExample";
				FRAMEWORK_SEARCH_PATHS = (
					"$(SDKROOT)/Developer/Library/Frameworks",
					"$(inherited)",
					"$(DEVELOPER_FRAMEWORKS_DIR)",
				);
				GCC_PRECOMPILE_PREFIX_HEADER = YES;
				GCC_PREFIX_HEADER = "NDNavigatorExample/NDNavigatorExample-Prefix.pch";
				INFOPLIST_FILE = "NDNavigatorExampleTests/NDNavigatorExampleTests-Info.plist";
				PRODUCT_NAME = "$(TARGET_NAME)";
				TEST_HOST = "$(BUNDLE_LOADER)";
				WRAPPER_EXTENSION = xctest;
			};
			name = Release;
		};
/* End XCBuildConfiguration section */

/* Begin XCConfigurationList section */
		1843B090197AB3D5006E54BD /* Build configuration list for PBXProject "NDNavigatorExample" */ = {
			isa = XCConfigurationList;
			buildConfigurations = (
				1843B0BF197AB3D6006E54BD /* Debug */,
				1843B0C0197AB3D6006E54BD /* Release */,
			);
			defaultConfigurationIsVisible = 0;
			defaultConfigurationName = Release;
		};
		1843B0C1197AB3D6006E54BD /* Build configuration list for PBXNativeTarget "NDNavigatorExample" */ = {
			isa = XCConfigurationList;
			buildConfigurations = (
				1843B0C2197AB3D6006E54BD /* Debug */,
				1843B0C3197AB3D6006E54BD /* Release */,
			);
			defaultConfigurationIsVisible = 0;
		};
		1843B0C4197AB3D6006E54BD /* Build configuration list for PBXNativeTarget "NDNavigatorExampleTests" */ = {
			isa = XCConfigurationList;
			buildConfigurations = (
				1843B0C5197AB3D6006E54BD /* Debug */,
				1843B0C6197AB3D6006E54BD /* Release */,
			);
			defaultConfigurationIsVisible = 0;
		};
/* End XCConfigurationList section */
	};
	rootObject = 1843B08D197AB3D5006E54BD /* Project object */;
}
